{
  "nodes": {
    "nixpkgs": {
      "locked": {
        "lastModified": 1636066614,
        "narHash": "sha256-6XUf07A1IYXmSE4/2qsxLZ4L19C+y9khqxbzkEErJ3Q=",
        "owner": "NixOS",
        "repo": "Nixpkgs",
        "rev": "96ded94eb0a8ca3781fb52087b40e09425e384cb",
        "type": "github"
      },
      "original": {
        "owner": "NixOS",
        "ref": "nixos-21.05",
        "repo": "Nixpkgs",
        "type": "github"
      }
    },
    "osm-dump": {
      "flake": false,
      "locked": {
        "lastModified": 1603927430,
        "narHash": "sha256-0xeSLoQZbIOuGGFWdvugYKVlDwtNAFmFs7hfM5rkkuE=",
        "ref": "master",
        "rev": "38b239766e74f61bce433714d102ddcaabb1f60f",
        "revCount": 1,
        "type": "git",
        "url": "file:///home/kerstin/fh/ss-20/infoviz/datadossier/reference-tracks/raw/"
      },
      "original": {
        "type": "git",
        "url": "file:///home/kerstin/fh/ss-20/infoviz/datadossier/reference-tracks/raw/"
      }
    },
    "root": {
      "inputs": {
        "nixpkgs": "nixpkgs",
        "osm-dump": "osm-dump"
      }
    }
  },
  "root": "root",
  "version": 7
}
