{
  "nodes": {
    "nixpkgs": {
      "locked": {
        "lastModified": 1615190638,
        "narHash": "sha256-tMxEgkf1boXafAqXx4W/KBzRybwwPBNImaNVA7F+JaA=",
        "owner": "NixOS",
        "repo": "Nixpkgs",
        "rev": "1005b14672de04c6f46ca8a9a9c423fa358b7142",
        "type": "github"
      },
      "original": {
        "owner": "NixOS",
        "ref": "nixos-unstable-small",
        "repo": "Nixpkgs",
        "type": "github"
      }
    },
    "osm-dump": {
      "flake": false,
      "locked": {
        "lastModified": 1603927430,
        "narHash": "sha256-0xeSLoQZbIOuGGFWdvugYKVlDwtNAFmFs7hfM5rkkuE=",
        "ref": "master",
        "rev": "38b239766e74f61bce433714d102ddcaabb1f60f",
        "revCount": 1,
        "type": "git",
        "url": "file:///home/justin/fh/ss-20/infoviz/datadossier/reference-tracks/raw/"
      },
      "original": {
        "type": "git",
        "url": "file:///home/justin/fh/ss-20/infoviz/datadossier/reference-tracks/raw/"
      }
    },
    "root": {
      "inputs": {
        "nixpkgs": "nixpkgs",
        "osm-dump": "osm-dump"
      }
    }
  },
  "root": "root",
  "version": 7
}
